
Microsoft Visual Studio Solution File, Format Version 12.00
# Visual Studio Version 16
VisualStudioVersion = 16.0.31424.327
MinimumVisualStudioVersion = 10.0.40219.1
Project("{FAE04EC0-301F-11D3-BF4B-00C04F79EFBC}") = "laba5", "laba5.csproj", "{31D9CF5F-D13C-4B74-9882-120F57DBB319}"
EndProject
Global
	GlobalSection(SolutionConfigurationPlatforms) = preSolution
		Debug|Any CPU = Debug|Any CPU
		Release|Any CPU = Release|Any CPU
	EndGlobalSection
	GlobalSection(ProjectConfigurationPlatforms) = postSolution
		{31D9CF5F-D13C-4B74-9882-120F57DBB319}.Debug|Any CPU.ActiveCfg = Debug|Any CPU
		{31D9CF5F-D13C-4B74-9882-120F57DBB319}.Debug|Any CPU.Build.0 = Debug|Any CPU
		{31D9CF5F-D13C-4B74-9882-120F57DBB319}.Release|Any CPU.ActiveCfg = Release|Any CPU
		{31D9CF5F-D13C-4B74-9882-120F57DBB319}.Release|Any CPU.Build.0 = Release|Any CPU
	EndGlobalSection
	GlobalSection(SolutionProperties) = preSolution
		HideSolutionNode = FALSE
	EndGlobalSection
	GlobalSection(ExtensibilityGlobals) = postSolution
		SolutionGuid = {51E5747B-9816-44BA-AD0A-8474C5E63A63}
	EndGlobalSection
EndGlobal
